// !$*UTF8*$!
{
	archiveVersion = 1;
	classes = {
	};
	objectVersion = 46;
	objects = {

/* Begin PBXBuildFile section */
		B9143F231BE5634E002B96C2 /* HomeTableViewCell.swift in Sources */ = {isa = PBXBuildFile; fileRef = B9143F211BE5634E002B96C2 /* HomeTableViewCell.swift */; };
		B9143F241BE5634E002B96C2 /* HomeTableViewCell.xib in Resources */ = {isa = PBXBuildFile; fileRef = B9143F221BE5634E002B96C2 /* HomeTableViewCell.xib */; };
		B9143F2B1BE56D78002B96C2 /* Comment.swift in Sources */ = {isa = PBXBuildFile; fileRef = B9143F271BE56D78002B96C2 /* Comment.swift */; };
		B9143F2C1BE56D78002B96C2 /* DeviseSize.swift in Sources */ = {isa = PBXBuildFile; fileRef = B9143F281BE56D78002B96C2 /* DeviseSize.swift */; };
		B9143F2D1BE56D78002B96C2 /* Post.swift in Sources */ = {isa = PBXBuildFile; fileRef = B9143F291BE56D78002B96C2 /* Post.swift */; };
		B9143F2E1BE56D78002B96C2 /* User.swift in Sources */ = {isa = PBXBuildFile; fileRef = B9143F2A1BE56D78002B96C2 /* User.swift */; };
		B9143F371BE574A3002B96C2 /* ActionButton.swift in Sources */ = {isa = PBXBuildFile; fileRef = B9143F351BE574A3002B96C2 /* ActionButton.swift */; };
		B9143F381BE574A3002B96C2 /* ActionButtonItem.swift in Sources */ = {isa = PBXBuildFile; fileRef = B9143F361BE574A3002B96C2 /* ActionButtonItem.swift */; };
		B9418A731BE55D08004050F5 /* AppDelegate.swift in Sources */ = {isa = PBXBuildFile; fileRef = B9418A721BE55D08004050F5 /* AppDelegate.swift */; };
		B9418A751BE55D08004050F5 /* HomeViewController.swift in Sources */ = {isa = PBXBuildFile; fileRef = B9418A741BE55D08004050F5 /* HomeViewController.swift */; };
		B9418A781BE55D08004050F5 /* Main.storyboard in Resources */ = {isa = PBXBuildFile; fileRef = B9418A761BE55D08004050F5 /* Main.storyboard */; };
		B9418A7A1BE55D08004050F5 /* Assets.xcassets in Resources */ = {isa = PBXBuildFile; fileRef = B9418A791BE55D08004050F5 /* Assets.xcassets */; };
		B9418A7D1BE55D08004050F5 /* LaunchScreen.storyboard in Resources */ = {isa = PBXBuildFile; fileRef = B9418A7B1BE55D08004050F5 /* LaunchScreen.storyboard */; };
		B9418A881BE55D08004050F5 /* GRACETests.swift in Sources */ = {isa = PBXBuildFile; fileRef = B9418A871BE55D08004050F5 /* GRACETests.swift */; };
		B9418A931BE55D08004050F5 /* GRACEUITests.swift in Sources */ = {isa = PBXBuildFile; fileRef = B9418A921BE55D08004050F5 /* GRACEUITests.swift */; };
		B96E3A1F1BE5AD44007EA8FD /* PostViewController.swift in Sources */ = {isa = PBXBuildFile; fileRef = B96E3A1E1BE5AD44007EA8FD /* PostViewController.swift */; };
		B96E3A2C1BE5CF44007EA8FD /* AnimationController.swift in Sources */ = {isa = PBXBuildFile; fileRef = B96E3A211BE5CF44007EA8FD /* AnimationController.swift */; };
		B96E3A2D1BE5CF44007EA8FD /* ImageAction.swift in Sources */ = {isa = PBXBuildFile; fileRef = B96E3A221BE5CF44007EA8FD /* ImageAction.swift */; };
		B96E3A2E1BE5CF44007EA8FD /* ImageCollectionViewCell.swift in Sources */ = {isa = PBXBuildFile; fileRef = B96E3A231BE5CF44007EA8FD /* ImageCollectionViewCell.swift */; };
		B96E3A2F1BE5CF44007EA8FD /* ImagePickerCollectionView.swift in Sources */ = {isa = PBXBuildFile; fileRef = B96E3A241BE5CF44007EA8FD /* ImagePickerCollectionView.swift */; };
		B96E3A301BE5CF44007EA8FD /* ImagePickerSheetController.swift in Sources */ = {isa = PBXBuildFile; fileRef = B96E3A261BE5CF44007EA8FD /* ImagePickerSheetController.swift */; };
		B96E3A311BE5CF44007EA8FD /* ImagePreviewFlowLayout.swift in Sources */ = {isa = PBXBuildFile; fileRef = B96E3A271BE5CF44007EA8FD /* ImagePreviewFlowLayout.swift */; };
		B96E3A321BE5CF44007EA8FD /* ImagePreviewTableViewCell.swift in Sources */ = {isa = PBXBuildFile; fileRef = B96E3A281BE5CF44007EA8FD /* ImagePreviewTableViewCell.swift */; };
		B96E3A331BE5CF44007EA8FD /* images.xcassets in Resources */ = {isa = PBXBuildFile; fileRef = B96E3A291BE5CF44007EA8FD /* images.xcassets */; };
		B96E3A341BE5CF44007EA8FD /* Info.plist in Resources */ = {isa = PBXBuildFile; fileRef = B96E3A2A1BE5CF44007EA8FD /* Info.plist */; };
		B96E3A351BE5CF44007EA8FD /* PreviewSupplementaryView.swift in Sources */ = {isa = PBXBuildFile; fileRef = B96E3A2B1BE5CF44007EA8FD /* PreviewSupplementaryView.swift */; };
		B98B1B341BE6579A00A16335 /* CommentViewController.swift in Sources */ = {isa = PBXBuildFile; fileRef = B98B1B331BE6579A00A16335 /* CommentViewController.swift */; };
		B98B1B371BE659F400A16335 /* CommentTableViewCell.swift in Sources */ = {isa = PBXBuildFile; fileRef = B98B1B351BE659F400A16335 /* CommentTableViewCell.swift */; };
		B98B1B381BE659F400A16335 /* CommentTableViewCell.xib in Resources */ = {isa = PBXBuildFile; fileRef = B98B1B361BE659F400A16335 /* CommentTableViewCell.xib */; };
		B98B1B3C1BE696EB00A16335 /* LeaveCommentTableViewCell.swift in Sources */ = {isa = PBXBuildFile; fileRef = B98B1B3A1BE696EB00A16335 /* LeaveCommentTableViewCell.swift */; };
		B98B1B3D1BE696EB00A16335 /* LeaveCommentTableViewCell.xib in Resources */ = {isa = PBXBuildFile; fileRef = B98B1B3B1BE696EB00A16335 /* LeaveCommentTableViewCell.xib */; };
		B9CE8E851BE58D33003F588E /* NSDateExtension.swift in Sources */ = {isa = PBXBuildFile; fileRef = B9CE8E831BE58D33003F588E /* NSDateExtension.swift */; };
		B9CE8E861BE58D33003F588E /* UIColorExtension.swift in Sources */ = {isa = PBXBuildFile; fileRef = B9CE8E841BE58D33003F588E /* UIColorExtension.swift */; };
		B9CE8EA61BE58E07003F588E /* AsyncButton.swift in Sources */ = {isa = PBXBuildFile; fileRef = B9CE8E881BE58E07003F588E /* AsyncButton.swift */; };
		B9CE8EA71BE58E07003F588E /* AsyncImageView.swift in Sources */ = {isa = PBXBuildFile; fileRef = B9CE8E891BE58E07003F588E /* AsyncImageView.swift */; };
		B9CE8EA81BE58E07003F588E /* AutoTextView.swift in Sources */ = {isa = PBXBuildFile; fileRef = B9CE8E8A1BE58E07003F588E /* AutoTextView.swift */; };
		B9CE8EA91BE58E07003F588E /* BlurView.swift in Sources */ = {isa = PBXBuildFile; fileRef = B9CE8E8B1BE58E07003F588E /* BlurView.swift */; };
		B9CE8EAA1BE58E07003F588E /* DesignableButton.swift in Sources */ = {isa = PBXBuildFile; fileRef = B9CE8E8C1BE58E07003F588E /* DesignableButton.swift */; };
		B9CE8EAB1BE58E07003F588E /* DesignableImageView.swift in Sources */ = {isa = PBXBuildFile; fileRef = B9CE8E8D1BE58E07003F588E /* DesignableImageView.swift */; };
		B9CE8EAC1BE58E07003F588E /* DesignableLabel.swift in Sources */ = {isa = PBXBuildFile; fileRef = B9CE8E8E1BE58E07003F588E /* DesignableLabel.swift */; };
		B9CE8EAD1BE58E07003F588E /* DesignableTabBarController.swift in Sources */ = {isa = PBXBuildFile; fileRef = B9CE8E8F1BE58E07003F588E /* DesignableTabBarController.swift */; };
		B9CE8EAE1BE58E07003F588E /* DesignableTextField.swift in Sources */ = {isa = PBXBuildFile; fileRef = B9CE8E901BE58E07003F588E /* DesignableTextField.swift */; };
		B9CE8EAF1BE58E07003F588E /* DesignableTextView.swift in Sources */ = {isa = PBXBuildFile; fileRef = B9CE8E911BE58E07003F588E /* DesignableTextView.swift */; };
		B9CE8EB01BE58E07003F588E /* DesignableView.swift in Sources */ = {isa = PBXBuildFile; fileRef = B9CE8E921BE58E07003F588E /* DesignableView.swift */; };
		B9CE8EB11BE58E07003F588E /* ImageLoader.swift in Sources */ = {isa = PBXBuildFile; fileRef = B9CE8E931BE58E07003F588E /* ImageLoader.swift */; };
		B9CE8EB21BE58E07003F588E /* Info.plist in Resources */ = {isa = PBXBuildFile; fileRef = B9CE8E941BE58E07003F588E /* Info.plist */; };
		B9CE8EB31BE58E07003F588E /* KeyboardLayoutConstraint.swift in Sources */ = {isa = PBXBuildFile; fileRef = B9CE8E951BE58E07003F588E /* KeyboardLayoutConstraint.swift */; };
		B9CE8EB41BE58E07003F588E /* LoadingView.swift in Sources */ = {isa = PBXBuildFile; fileRef = B9CE8E961BE58E07003F588E /* LoadingView.swift */; };
		B9CE8EB51BE58E07003F588E /* LoadingView.xib in Resources */ = {isa = PBXBuildFile; fileRef = B9CE8E971BE58E07003F588E /* LoadingView.xib */; };
		B9CE8EB61BE58E07003F588E /* Misc.swift in Sources */ = {isa = PBXBuildFile; fileRef = B9CE8E981BE58E07003F588E /* Misc.swift */; };
		B9CE8EB71BE58E07003F588E /* SoundPlayer.swift in Sources */ = {isa = PBXBuildFile; fileRef = B9CE8E991BE58E07003F588E /* SoundPlayer.swift */; };
		B9CE8EB81BE58E07003F588E /* Spring.swift in Sources */ = {isa = PBXBuildFile; fileRef = B9CE8E9B1BE58E07003F588E /* Spring.swift */; };
		B9CE8EB91BE58E07003F588E /* SpringAnimation.swift in Sources */ = {isa = PBXBuildFile; fileRef = B9CE8E9C1BE58E07003F588E /* SpringAnimation.swift */; };
		B9CE8EBA1BE58E07003F588E /* SpringButton.swift in Sources */ = {isa = PBXBuildFile; fileRef = B9CE8E9D1BE58E07003F588E /* SpringButton.swift */; };
		B9CE8EBB1BE58E07003F588E /* SpringImageView.swift in Sources */ = {isa = PBXBuildFile; fileRef = B9CE8E9E1BE58E07003F588E /* SpringImageView.swift */; };
		B9CE8EBC1BE58E07003F588E /* SpringLabel.swift in Sources */ = {isa = PBXBuildFile; fileRef = B9CE8E9F1BE58E07003F588E /* SpringLabel.swift */; };
		B9CE8EBD1BE58E07003F588E /* SpringTextField.swift in Sources */ = {isa = PBXBuildFile; fileRef = B9CE8EA01BE58E07003F588E /* SpringTextField.swift */; };
		B9CE8EBE1BE58E07003F588E /* SpringTextView.swift in Sources */ = {isa = PBXBuildFile; fileRef = B9CE8EA11BE58E07003F588E /* SpringTextView.swift */; };
		B9CE8EBF1BE58E07003F588E /* SpringView.swift in Sources */ = {isa = PBXBuildFile; fileRef = B9CE8EA21BE58E07003F588E /* SpringView.swift */; };
		B9CE8EC01BE58E07003F588E /* TransitionManager.swift in Sources */ = {isa = PBXBuildFile; fileRef = B9CE8EA31BE58E07003F588E /* TransitionManager.swift */; };
		B9CE8EC11BE58E07003F588E /* TransitionZoom.swift in Sources */ = {isa = PBXBuildFile; fileRef = B9CE8EA41BE58E07003F588E /* TransitionZoom.swift */; };
		B9CE8EC21BE58E07003F588E /* UnwindSegue.swift in Sources */ = {isa = PBXBuildFile; fileRef = B9CE8EA51BE58E07003F588E /* UnwindSegue.swift */; };
/* End PBXBuildFile section */

/* Begin PBXContainerItemProxy section */
		B9418A841BE55D08004050F5 /* PBXContainerItemProxy */ = {
			isa = PBXContainerItemProxy;
			containerPortal = B9418A671BE55D08004050F5 /* Project object */;
			proxyType = 1;
			remoteGlobalIDString = B9418A6E1BE55D08004050F5;
			remoteInfo = GRACE;
		};
		B9418A8F1BE55D08004050F5 /* PBXContainerItemProxy */ = {
			isa = PBXContainerItemProxy;
			containerPortal = B9418A671BE55D08004050F5 /* Project object */;
			proxyType = 1;
			remoteGlobalIDString = B9418A6E1BE55D08004050F5;
			remoteInfo = GRACE;
		};
/* End PBXContainerItemProxy section */

/* Begin PBXFileReference section */
		B9143F211BE5634E002B96C2 /* HomeTableViewCell.swift */ = {isa = PBXFileReference; fileEncoding = 4; lastKnownFileType = sourcecode.swift; path = HomeTableViewCell.swift; sourceTree = "<group>"; };
		B9143F221BE5634E002B96C2 /* HomeTableViewCell.xib */ = {isa = PBXFileReference; fileEncoding = 4; lastKnownFileType = file.xib; path = HomeTableViewCell.xib; sourceTree = "<group>"; };
		B9143F271BE56D78002B96C2 /* Comment.swift */ = {isa = PBXFileReference; fileEncoding = 4; lastKnownFileType = sourcecode.swift; path = Comment.swift; sourceTree = "<group>"; };
		B9143F281BE56D78002B96C2 /* DeviseSize.swift */ = {isa = PBXFileReference; fileEncoding = 4; lastKnownFileType = sourcecode.swift; path = DeviseSize.swift; sourceTree = "<group>"; };
		B9143F291BE56D78002B96C2 /* Post.swift */ = {isa = PBXFileReference; fileEncoding = 4; lastKnownFileType = sourcecode.swift; path = Post.swift; sourceTree = "<group>"; };
		B9143F2A1BE56D78002B96C2 /* User.swift */ = {isa = PBXFileReference; fileEncoding = 4; lastKnownFileType = sourcecode.swift; path = User.swift; sourceTree = "<group>"; };
		B9143F351BE574A3002B96C2 /* ActionButton.swift */ = {isa = PBXFileReference; fileEncoding = 4; lastKnownFileType = sourcecode.swift; path = ActionButton.swift; sourceTree = "<group>"; };
		B9143F361BE574A3002B96C2 /* ActionButtonItem.swift */ = {isa = PBXFileReference; fileEncoding = 4; lastKnownFileType = sourcecode.swift; path = ActionButtonItem.swift; sourceTree = "<group>"; };
		B9418A6F1BE55D08004050F5 /* GRACE.app */ = {isa = PBXFileReference; explicitFileType = wrapper.application; includeInIndex = 0; path = GRACE.app; sourceTree = BUILT_PRODUCTS_DIR; };
		B9418A721BE55D08004050F5 /* AppDelegate.swift */ = {isa = PBXFileReference; lastKnownFileType = sourcecode.swift; path = AppDelegate.swift; sourceTree = "<group>"; };
		B9418A741BE55D08004050F5 /* HomeViewController.swift */ = {isa = PBXFileReference; lastKnownFileType = sourcecode.swift; path = HomeViewController.swift; sourceTree = "<group>"; };
		B9418A771BE55D08004050F5 /* Base */ = {isa = PBXFileReference; lastKnownFileType = file.storyboard; name = Base; path = Base.lproj/Main.storyboard; sourceTree = "<group>"; };
		B9418A791BE55D08004050F5 /* Assets.xcassets */ = {isa = PBXFileReference; lastKnownFileType = folder.assetcatalog; path = Assets.xcassets; sourceTree = "<group>"; };
		B9418A7C1BE55D08004050F5 /* Base */ = {isa = PBXFileReference; lastKnownFileType = file.storyboard; name = Base; path = Base.lproj/LaunchScreen.storyboard; sourceTree = "<group>"; };
		B9418A7E1BE55D08004050F5 /* Info.plist */ = {isa = PBXFileReference; lastKnownFileType = text.plist.xml; path = Info.plist; sourceTree = "<group>"; };
		B9418A831BE55D08004050F5 /* GRACETests.xctest */ = {isa = PBXFileReference; explicitFileType = wrapper.cfbundle; includeInIndex = 0; path = GRACETests.xctest; sourceTree = BUILT_PRODUCTS_DIR; };
		B9418A871BE55D08004050F5 /* GRACETests.swift */ = {isa = PBXFileReference; lastKnownFileType = sourcecode.swift; path = GRACETests.swift; sourceTree = "<group>"; };
		B9418A891BE55D08004050F5 /* Info.plist */ = {isa = PBXFileReference; lastKnownFileType = text.plist.xml; path = Info.plist; sourceTree = "<group>"; };
		B9418A8E1BE55D08004050F5 /* GRACEUITests.xctest */ = {isa = PBXFileReference; explicitFileType = wrapper.cfbundle; includeInIndex = 0; path = GRACEUITests.xctest; sourceTree = BUILT_PRODUCTS_DIR; };
		B9418A921BE55D08004050F5 /* GRACEUITests.swift */ = {isa = PBXFileReference; lastKnownFileType = sourcecode.swift; path = GRACEUITests.swift; sourceTree = "<group>"; };
		B9418A941BE55D08004050F5 /* Info.plist */ = {isa = PBXFileReference; lastKnownFileType = text.plist.xml; path = Info.plist; sourceTree = "<group>"; };
		B96E3A1E1BE5AD44007EA8FD /* PostViewController.swift */ = {isa = PBXFileReference; fileEncoding = 4; lastKnownFileType = sourcecode.swift; path = PostViewController.swift; sourceTree = "<group>"; };
		B96E3A211BE5CF44007EA8FD /* AnimationController.swift */ = {isa = PBXFileReference; fileEncoding = 4; lastKnownFileType = sourcecode.swift; path = AnimationController.swift; sourceTree = "<group>"; };
		B96E3A221BE5CF44007EA8FD /* ImageAction.swift */ = {isa = PBXFileReference; fileEncoding = 4; lastKnownFileType = sourcecode.swift; path = ImageAction.swift; sourceTree = "<group>"; };
		B96E3A231BE5CF44007EA8FD /* ImageCollectionViewCell.swift */ = {isa = PBXFileReference; fileEncoding = 4; lastKnownFileType = sourcecode.swift; path = ImageCollectionViewCell.swift; sourceTree = "<group>"; };
		B96E3A241BE5CF44007EA8FD /* ImagePickerCollectionView.swift */ = {isa = PBXFileReference; fileEncoding = 4; lastKnownFileType = sourcecode.swift; path = ImagePickerCollectionView.swift; sourceTree = "<group>"; };
		B96E3A251BE5CF44007EA8FD /* ImagePickerSheetController.h */ = {isa = PBXFileReference; fileEncoding = 4; lastKnownFileType = sourcecode.c.h; path = ImagePickerSheetController.h; sourceTree = "<group>"; };
		B96E3A261BE5CF44007EA8FD /* ImagePickerSheetController.swift */ = {isa = PBXFileReference; fileEncoding = 4; lastKnownFileType = sourcecode.swift; path = ImagePickerSheetController.swift; sourceTree = "<group>"; };
		B96E3A271BE5CF44007EA8FD /* ImagePreviewFlowLayout.swift */ = {isa = PBXFileReference; fileEncoding = 4; lastKnownFileType = sourcecode.swift; path = ImagePreviewFlowLayout.swift; sourceTree = "<group>"; };
		B96E3A281BE5CF44007EA8FD /* ImagePreviewTableViewCell.swift */ = {isa = PBXFileReference; fileEncoding = 4; lastKnownFileType = sourcecode.swift; path = ImagePreviewTableViewCell.swift; sourceTree = "<group>"; };
		B96E3A291BE5CF44007EA8FD /* images.xcassets */ = {isa = PBXFileReference; lastKnownFileType = folder.assetcatalog; path = images.xcassets; sourceTree = "<group>"; };
		B96E3A2A1BE5CF44007EA8FD /* Info.plist */ = {isa = PBXFileReference; fileEncoding = 4; lastKnownFileType = text.plist.xml; path = Info.plist; sourceTree = "<group>"; };
		B96E3A2B1BE5CF44007EA8FD /* PreviewSupplementaryView.swift */ = {isa = PBXFileReference; fileEncoding = 4; lastKnownFileType = sourcecode.swift; path = PreviewSupplementaryView.swift; sourceTree = "<group>"; };
		B98B1B331BE6579A00A16335 /* CommentViewController.swift */ = {isa = PBXFileReference; fileEncoding = 4; lastKnownFileType = sourcecode.swift; path = CommentViewController.swift; sourceTree = "<group>"; };
		B98B1B351BE659F400A16335 /* CommentTableViewCell.swift */ = {isa = PBXFileReference; fileEncoding = 4; lastKnownFileType = sourcecode.swift; path = CommentTableViewCell.swift; sourceTree = "<group>"; };
		B98B1B361BE659F400A16335 /* CommentTableViewCell.xib */ = {isa = PBXFileReference; fileEncoding = 4; lastKnownFileType = file.xib; path = CommentTableViewCell.xib; sourceTree = "<group>"; };
		B98B1B3A1BE696EB00A16335 /* LeaveCommentTableViewCell.swift */ = {isa = PBXFileReference; fileEncoding = 4; lastKnownFileType = sourcecode.swift; path = LeaveCommentTableViewCell.swift; sourceTree = "<group>"; };
		B98B1B3B1BE696EB00A16335 /* LeaveCommentTableViewCell.xib */ = {isa = PBXFileReference; fileEncoding = 4; lastKnownFileType = file.xib; path = LeaveCommentTableViewCell.xib; sourceTree = "<group>"; };
		B9CE8E831BE58D33003F588E /* NSDateExtension.swift */ = {isa = PBXFileReference; fileEncoding = 4; lastKnownFileType = sourcecode.swift; path = NSDateExtension.swift; sourceTree = "<group>"; };
		B9CE8E841BE58D33003F588E /* UIColorExtension.swift */ = {isa = PBXFileReference; fileEncoding = 4; lastKnownFileType = sourcecode.swift; path = UIColorExtension.swift; sourceTree = "<group>"; };
		B9CE8E881BE58E07003F588E /* AsyncButton.swift */ = {isa = PBXFileReference; fileEncoding = 4; lastKnownFileType = sourcecode.swift; path = AsyncButton.swift; sourceTree = "<group>"; };
		B9CE8E891BE58E07003F588E /* AsyncImageView.swift */ = {isa = PBXFileReference; fileEncoding = 4; lastKnownFileType = sourcecode.swift; path = AsyncImageView.swift; sourceTree = "<group>"; };
		B9CE8E8A1BE58E07003F588E /* AutoTextView.swift */ = {isa = PBXFileReference; fileEncoding = 4; lastKnownFileType = sourcecode.swift; path = AutoTextView.swift; sourceTree = "<group>"; };
		B9CE8E8B1BE58E07003F588E /* BlurView.swift */ = {isa = PBXFileReference; fileEncoding = 4; lastKnownFileType = sourcecode.swift; path = BlurView.swift; sourceTree = "<group>"; };
		B9CE8E8C1BE58E07003F588E /* DesignableButton.swift */ = {isa = PBXFileReference; fileEncoding = 4; lastKnownFileType = sourcecode.swift; path = DesignableButton.swift; sourceTree = "<group>"; };
		B9CE8E8D1BE58E07003F588E /* DesignableImageView.swift */ = {isa = PBXFileReference; fileEncoding = 4; lastKnownFileType = sourcecode.swift; path = DesignableImageView.swift; sourceTree = "<group>"; };
		B9CE8E8E1BE58E07003F588E /* DesignableLabel.swift */ = {isa = PBXFileReference; fileEncoding = 4; lastKnownFileType = sourcecode.swift; path = DesignableLabel.swift; sourceTree = "<group>"; };
		B9CE8E8F1BE58E07003F588E /* DesignableTabBarController.swift */ = {isa = PBXFileReference; fileEncoding = 4; lastKnownFileType = sourcecode.swift; path = DesignableTabBarController.swift; sourceTree = "<group>"; };
		B9CE8E901BE58E07003F588E /* DesignableTextField.swift */ = {isa = PBXFileReference; fileEncoding = 4; lastKnownFileType = sourcecode.swift; path = DesignableTextField.swift; sourceTree = "<group>"; };
		B9CE8E911BE58E07003F588E /* DesignableTextView.swift */ = {isa = PBXFileReference; fileEncoding = 4; lastKnownFileType = sourcecode.swift; path = DesignableTextView.swift; sourceTree = "<group>"; };
		B9CE8E921BE58E07003F588E /* DesignableView.swift */ = {isa = PBXFileReference; fileEncoding = 4; lastKnownFileType = sourcecode.swift; path = DesignableView.swift; sourceTree = "<group>"; };
		B9CE8E931BE58E07003F588E /* ImageLoader.swift */ = {isa = PBXFileReference; fileEncoding = 4; lastKnownFileType = sourcecode.swift; path = ImageLoader.swift; sourceTree = "<group>"; };
		B9CE8E941BE58E07003F588E /* Info.plist */ = {isa = PBXFileReference; fileEncoding = 4; lastKnownFileType = text.plist.xml; path = Info.plist; sourceTree = "<group>"; };
		B9CE8E951BE58E07003F588E /* KeyboardLayoutConstraint.swift */ = {isa = PBXFileReference; fileEncoding = 4; lastKnownFileType = sourcecode.swift; path = KeyboardLayoutConstraint.swift; sourceTree = "<group>"; };
		B9CE8E961BE58E07003F588E /* LoadingView.swift */ = {isa = PBXFileReference; fileEncoding = 4; lastKnownFileType = sourcecode.swift; path = LoadingView.swift; sourceTree = "<group>"; };
		B9CE8E971BE58E07003F588E /* LoadingView.xib */ = {isa = PBXFileReference; fileEncoding = 4; lastKnownFileType = file.xib; path = LoadingView.xib; sourceTree = "<group>"; };
		B9CE8E981BE58E07003F588E /* Misc.swift */ = {isa = PBXFileReference; fileEncoding = 4; lastKnownFileType = sourcecode.swift; path = Misc.swift; sourceTree = "<group>"; };
		B9CE8E991BE58E07003F588E /* SoundPlayer.swift */ = {isa = PBXFileReference; fileEncoding = 4; lastKnownFileType = sourcecode.swift; path = SoundPlayer.swift; sourceTree = "<group>"; };
		B9CE8E9A1BE58E07003F588E /* Spring.h */ = {isa = PBXFileReference; fileEncoding = 4; lastKnownFileType = sourcecode.c.h; path = Spring.h; sourceTree = "<group>"; };
		B9CE8E9B1BE58E07003F588E /* Spring.swift */ = {isa = PBXFileReference; fileEncoding = 4; lastKnownFileType = sourcecode.swift; path = Spring.swift; sourceTree = "<group>"; };
		B9CE8E9C1BE58E07003F588E /* SpringAnimation.swift */ = {isa = PBXFileReference; fileEncoding = 4; lastKnownFileType = sourcecode.swift; path = SpringAnimation.swift; sourceTree = "<group>"; };
		B9CE8E9D1BE58E07003F588E /* SpringButton.swift */ = {isa = PBXFileReference; fileEncoding = 4; lastKnownFileType = sourcecode.swift; path = SpringButton.swift; sourceTree = "<group>"; };
		B9CE8E9E1BE58E07003F588E /* SpringImageView.swift */ = {isa = PBXFileReference; fileEncoding = 4; lastKnownFileType = sourcecode.swift; path = SpringImageView.swift; sourceTree = "<group>"; };
		B9CE8E9F1BE58E07003F588E /* SpringLabel.swift */ = {isa = PBXFileReference; fileEncoding = 4; lastKnownFileType = sourcecode.swift; path = SpringLabel.swift; sourceTree = "<group>"; };
		B9CE8EA01BE58E07003F588E /* SpringTextField.swift */ = {isa = PBXFileReference; fileEncoding = 4; lastKnownFileType = sourcecode.swift; path = SpringTextField.swift; sourceTree = "<group>"; };
		B9CE8EA11BE58E07003F588E /* SpringTextView.swift */ = {isa = PBXFileReference; fileEncoding = 4; lastKnownFileType = sourcecode.swift; path = SpringTextView.swift; sourceTree = "<group>"; };
		B9CE8EA21BE58E07003F588E /* SpringView.swift */ = {isa = PBXFileReference; fileEncoding = 4; lastKnownFileType = sourcecode.swift; path = SpringView.swift; sourceTree = "<group>"; };
		B9CE8EA31BE58E07003F588E /* TransitionManager.swift */ = {isa = PBXFileReference; fileEncoding = 4; lastKnownFileType = sourcecode.swift; path = TransitionManager.swift; sourceTree = "<group>"; };
		B9CE8EA41BE58E07003F588E /* TransitionZoom.swift */ = {isa = PBXFileReference; fileEncoding = 4; lastKnownFileType = sourcecode.swift; path = TransitionZoom.swift; sourceTree = "<group>"; };
		B9CE8EA51BE58E07003F588E /* UnwindSegue.swift */ = {isa = PBXFileReference; fileEncoding = 4; lastKnownFileType = sourcecode.swift; path = UnwindSegue.swift; sourceTree = "<group>"; };
/* End PBXFileReference section */

/* Begin PBXFrameworksBuildPhase section */
		B9418A6C1BE55D08004050F5 /* Frameworks */ = {
			isa = PBXFrameworksBuildPhase;
			buildActionMask = 2147483647;
			files = (
			);
			runOnlyForDeploymentPostprocessing = 0;
		};
		B9418A801BE55D08004050F5 /* Frameworks */ = {
			isa = PBXFrameworksBuildPhase;
			buildActionMask = 2147483647;
			files = (
			);
			runOnlyForDeploymentPostprocessing = 0;
		};
		B9418A8B1BE55D08004050F5 /* Frameworks */ = {
			isa = PBXFrameworksBuildPhase;
			buildActionMask = 2147483647;
			files = (
			);
			runOnlyForDeploymentPostprocessing = 0;
		};
/* End PBXFrameworksBuildPhase section */

/* Begin PBXGroup section */
		B9143F251BE56358002B96C2 /* Home Screen */ = {
			isa = PBXGroup;
			children = (
				B9418A741BE55D08004050F5 /* HomeViewController.swift */,
				B9143F211BE5634E002B96C2 /* HomeTableViewCell.swift */,
				B9143F221BE5634E002B96C2 /* HomeTableViewCell.xib */,
			);
			name = "Home Screen";
			sourceTree = "<group>";
		};
		B9143F261BE56D78002B96C2 /* DummyData */ = {
			isa = PBXGroup;
			children = (
				B9143F271BE56D78002B96C2 /* Comment.swift */,
				B9143F281BE56D78002B96C2 /* DeviseSize.swift */,
				B9143F291BE56D78002B96C2 /* Post.swift */,
				B9143F2A1BE56D78002B96C2 /* User.swift */,
			);
			path = DummyData;
			sourceTree = "<group>";
		};
		B9143F341BE574A3002B96C2 /* FloatingButton */ = {
			isa = PBXGroup;
			children = (
				B9143F351BE574A3002B96C2 /* ActionButton.swift */,
				B9143F361BE574A3002B96C2 /* ActionButtonItem.swift */,
			);
			path = FloatingButton;
			sourceTree = "<group>";
		};
		B9418A661BE55D08004050F5 = {
			isa = PBXGroup;
			children = (
				B9418A711BE55D08004050F5 /* GRACE */,
				B9418A861BE55D08004050F5 /* GRACETests */,
				B9418A911BE55D08004050F5 /* GRACEUITests */,
				B9418A701BE55D08004050F5 /* Products */,
			);
			sourceTree = "<group>";
		};
		B9418A701BE55D08004050F5 /* Products */ = {
			isa = PBXGroup;
			children = (
				B9418A6F1BE55D08004050F5 /* GRACE.app */,
				B9418A831BE55D08004050F5 /* GRACETests.xctest */,
				B9418A8E1BE55D08004050F5 /* GRACEUITests.xctest */,
			);
			name = Products;
			sourceTree = "<group>";
		};
		B9418A711BE55D08004050F5 /* GRACE */ = {
			isa = PBXGroup;
			children = (
				B9143F251BE56358002B96C2 /* Home Screen */,
				B98B1B391BE65A0300A16335 /* Comment Screen */,
				B96E3A1E1BE5AD44007EA8FD /* PostViewController.swift */,
				B9418A761BE55D08004050F5 /* Main.storyboard */,
				B9418A7B1BE55D08004050F5 /* LaunchScreen.storyboard */,
				B9418A721BE55D08004050F5 /* AppDelegate.swift */,
				B9418A7E1BE55D08004050F5 /* Info.plist */,
				B9418A791BE55D08004050F5 /* Assets.xcassets */,
				B9143F261BE56D78002B96C2 /* DummyData */,
				B9CE8E821BE58D33003F588E /* Extensions */,
				B9143F341BE574A3002B96C2 /* FloatingButton */,
				B96E3A201BE5CF44007EA8FD /* ImagePickerSheet */,
				B9CE8E871BE58E07003F588E /* Spring */,
			);
			path = GRACE;
			sourceTree = "<group>";
		};
		B9418A861BE55D08004050F5 /* GRACETests */ = {
			isa = PBXGroup;
			children = (
				B9418A871BE55D08004050F5 /* GRACETests.swift */,
				B9418A891BE55D08004050F5 /* Info.plist */,
			);
			path = GRACETests;
			sourceTree = "<group>";
		};
		B9418A911BE55D08004050F5 /* GRACEUITests */ = {
			isa = PBXGroup;
			children = (
				B9418A921BE55D08004050F5 /* GRACEUITests.swift */,
				B9418A941BE55D08004050F5 /* Info.plist */,
			);
			path = GRACEUITests;
			sourceTree = "<group>";
		};
		B96E3A201BE5CF44007EA8FD /* ImagePickerSheet */ = {
			isa = PBXGroup;
			children = (
				B96E3A211BE5CF44007EA8FD /* AnimationController.swift */,
				B96E3A221BE5CF44007EA8FD /* ImageAction.swift */,
				B96E3A231BE5CF44007EA8FD /* ImageCollectionViewCell.swift */,
				B96E3A241BE5CF44007EA8FD /* ImagePickerCollectionView.swift */,
				B96E3A251BE5CF44007EA8FD /* ImagePickerSheetController.h */,
				B96E3A261BE5CF44007EA8FD /* ImagePickerSheetController.swift */,
				B96E3A271BE5CF44007EA8FD /* ImagePreviewFlowLayout.swift */,
				B96E3A281BE5CF44007EA8FD /* ImagePreviewTableViewCell.swift */,
				B96E3A291BE5CF44007EA8FD /* images.xcassets */,
				B96E3A2A1BE5CF44007EA8FD /* Info.plist */,
				B96E3A2B1BE5CF44007EA8FD /* PreviewSupplementaryView.swift */,
			);
			path = ImagePickerSheet;
			sourceTree = "<group>";
		};
		B98B1B391BE65A0300A16335 /* Comment Screen */ = {
			isa = PBXGroup;
			children = (
				B98B1B331BE6579A00A16335 /* CommentViewController.swift */,
				B98B1B351BE659F400A16335 /* CommentTableViewCell.swift */,
				B98B1B361BE659F400A16335 /* CommentTableViewCell.xib */,
				B98B1B3E1BE69A1200A16335 /* Leave Comment Screen */,
			);
			name = "Comment Screen";
			sourceTree = "<group>";
		};
		B98B1B3E1BE69A1200A16335 /* Leave Comment Screen */ = {
			isa = PBXGroup;
			children = (
				B98B1B3A1BE696EB00A16335 /* LeaveCommentTableViewCell.swift */,
				B98B1B3B1BE696EB00A16335 /* LeaveCommentTableViewCell.xib */,
			);
			name = "Leave Comment Screen";
			sourceTree = "<group>";
		};
		B9CE8E821BE58D33003F588E /* Extensions */ = {
			isa = PBXGroup;
			children = (
				B9CE8E831BE58D33003F588E /* NSDateExtension.swift */,
				B9CE8E841BE58D33003F588E /* UIColorExtension.swift */,
			);
			path = Extensions;
			sourceTree = "<group>";
		};
		B9CE8E871BE58E07003F588E /* Spring */ = {
			isa = PBXGroup;
			children = (
				B9CE8E881BE58E07003F588E /* AsyncButton.swift */,
				B9CE8E891BE58E07003F588E /* AsyncImageView.swift */,
				B9CE8E8A1BE58E07003F588E /* AutoTextView.swift */,
				B9CE8E8B1BE58E07003F588E /* BlurView.swift */,
				B9CE8E8C1BE58E07003F588E /* DesignableButton.swift */,
				B9CE8E8D1BE58E07003F588E /* DesignableImageView.swift */,
				B9CE8E8E1BE58E07003F588E /* DesignableLabel.swift */,
				B9CE8E8F1BE58E07003F588E /* DesignableTabBarController.swift */,
				B9CE8E901BE58E07003F588E /* DesignableTextField.swift */,
				B9CE8E911BE58E07003F588E /* DesignableTextView.swift */,
				B9CE8E921BE58E07003F588E /* DesignableView.swift */,
				B9CE8E931BE58E07003F588E /* ImageLoader.swift */,
				B9CE8E941BE58E07003F588E /* Info.plist */,
				B9CE8E951BE58E07003F588E /* KeyboardLayoutConstraint.swift */,
				B9CE8E961BE58E07003F588E /* LoadingView.swift */,
				B9CE8E971BE58E07003F588E /* LoadingView.xib */,
				B9CE8E981BE58E07003F588E /* Misc.swift */,
				B9CE8E991BE58E07003F588E /* SoundPlayer.swift */,
				B9CE8E9A1BE58E07003F588E /* Spring.h */,
				B9CE8E9B1BE58E07003F588E /* Spring.swift */,
				B9CE8E9C1BE58E07003F588E /* SpringAnimation.swift */,
				B9CE8E9D1BE58E07003F588E /* SpringButton.swift */,
				B9CE8E9E1BE58E07003F588E /* SpringImageView.swift */,
				B9CE8E9F1BE58E07003F588E /* SpringLabel.swift */,
				B9CE8EA01BE58E07003F588E /* SpringTextField.swift */,
				B9CE8EA11BE58E07003F588E /* SpringTextView.swift */,
				B9CE8EA21BE58E07003F588E /* SpringView.swift */,
				B9CE8EA31BE58E07003F588E /* TransitionManager.swift */,
				B9CE8EA41BE58E07003F588E /* TransitionZoom.swift */,
				B9CE8EA51BE58E07003F588E /* UnwindSegue.swift */,
			);
			path = Spring;
			sourceTree = "<group>";
		};
/* End PBXGroup section */

/* Begin PBXNativeTarget section */
		B9418A6E1BE55D08004050F5 /* GRACE */ = {
			isa = PBXNativeTarget;
			buildConfigurationList = B9418A971BE55D08004050F5 /* Build configuration list for PBXNativeTarget "GRACE" */;
			buildPhases = (
				B9418A6B1BE55D08004050F5 /* Sources */,
				B9418A6C1BE55D08004050F5 /* Frameworks */,
				B9418A6D1BE55D08004050F5 /* Resources */,
			);
			buildRules = (
			);
			dependencies = (
			);
			name = GRACE;
			productName = GRACE;
			productReference = B9418A6F1BE55D08004050F5 /* GRACE.app */;
			productType = "com.apple.product-type.application";
		};
		B9418A821BE55D08004050F5 /* GRACETests */ = {
			isa = PBXNativeTarget;
			buildConfigurationList = B9418A9A1BE55D08004050F5 /* Build configuration list for PBXNativeTarget "GRACETests" */;
			buildPhases = (
				B9418A7F1BE55D08004050F5 /* Sources */,
				B9418A801BE55D08004050F5 /* Frameworks */,
				B9418A811BE55D08004050F5 /* Resources */,
			);
			buildRules = (
			);
			dependencies = (
				B9418A851BE55D08004050F5 /* PBXTargetDependency */,
			);
			name = GRACETests;
			productName = GRACETests;
			productReference = B9418A831BE55D08004050F5 /* GRACETests.xctest */;
			productType = "com.apple.product-type.bundle.unit-test";
		};
		B9418A8D1BE55D08004050F5 /* GRACEUITests */ = {
			isa = PBXNativeTarget;
			buildConfigurationList = B9418A9D1BE55D08004050F5 /* Build configuration list for PBXNativeTarget "GRACEUITests" */;
			buildPhases = (
				B9418A8A1BE55D08004050F5 /* Sources */,
				B9418A8B1BE55D08004050F5 /* Frameworks */,
				B9418A8C1BE55D08004050F5 /* Resources */,
			);
			buildRules = (
			);
			dependencies = (
				B9418A901BE55D08004050F5 /* PBXTargetDependency */,
			);
			name = GRACEUITests;
			productName = GRACEUITests;
			productReference = B9418A8E1BE55D08004050F5 /* GRACEUITests.xctest */;
			productType = "com.apple.product-type.bundle.ui-testing";
		};
/* End PBXNativeTarget section */

/* Begin PBXProject section */
		B9418A671BE55D08004050F5 /* Project object */ = {
			isa = PBXProject;
			attributes = {
				LastSwiftUpdateCheck = 0710;
				LastUpgradeCheck = 0710;
				ORGANIZATIONNAME = yn;
				TargetAttributes = {
					B9418A6E1BE55D08004050F5 = {
						CreatedOnToolsVersion = 7.1;
						DevelopmentTeam = 2HJ62ZS3MN;
					};
					B9418A821BE55D08004050F5 = {
						CreatedOnToolsVersion = 7.1;
						TestTargetID = B9418A6E1BE55D08004050F5;
					};
					B9418A8D1BE55D08004050F5 = {
						CreatedOnToolsVersion = 7.1;
						TestTargetID = B9418A6E1BE55D08004050F5;
					};
				};
			};
			buildConfigurationList = B9418A6A1BE55D08004050F5 /* Build configuration list for PBXProject "GRACE" */;
			compatibilityVersion = "Xcode 3.2";
			developmentRegion = English;
			hasScannedForEncodings = 0;
			knownRegions = (
				en,
				Base,
			);
			mainGroup = B9418A661BE55D08004050F5;
			productRefGroup = B9418A701BE55D08004050F5 /* Products */;
			projectDirPath = "";
			projectRoot = "";
			targets = (
				B9418A6E1BE55D08004050F5 /* GRACE */,
				B9418A821BE55D08004050F5 /* GRACETests */,
				B9418A8D1BE55D08004050F5 /* GRACEUITests */,
			);
		};
/* End PBXProject section */

/* Begin PBXResourcesBuildPhase section */
		B9418A6D1BE55D08004050F5 /* Resources */ = {
			isa = PBXResourcesBuildPhase;
			buildActionMask = 2147483647;
			files = (
				B96E3A341BE5CF44007EA8FD /* Info.plist in Resources */,
				B9418A7D1BE55D08004050F5 /* LaunchScreen.storyboard in Resources */,
				B96E3A331BE5CF44007EA8FD /* images.xcassets in Resources */,
				B98B1B3D1BE696EB00A16335 /* LeaveCommentTableViewCell.xib in Resources */,
				B9418A7A1BE55D08004050F5 /* Assets.xcassets in Resources */,
				B9143F241BE5634E002B96C2 /* HomeTableViewCell.xib in Resources */,
				B9CE8EB51BE58E07003F588E /* LoadingView.xib in Resources */,
				B9CE8EB21BE58E07003F588E /* Info.plist in Resources */,
				B98B1B381BE659F400A16335 /* CommentTableViewCell.xib in Resources */,
				B9418A781BE55D08004050F5 /* Main.storyboard in Resources */,
			);
			runOnlyForDeploymentPostprocessing = 0;
		};
		B9418A811BE55D08004050F5 /* Resources */ = {
			isa = PBXResourcesBuildPhase;
			buildActionMask = 2147483647;
			files = (
			);
			runOnlyForDeploymentPostprocessing = 0;
		};
		B9418A8C1BE55D08004050F5 /* Resources */ = {
			isa = PBXResourcesBuildPhase;
			buildActionMask = 2147483647;
			files = (
			);
			runOnlyForDeploymentPostprocessing = 0;
		};
/* End PBXResourcesBuildPhase section */

/* Begin PBXSourcesBuildPhase section */
		B9418A6B1BE55D08004050F5 /* Sources */ = {
			isa = PBXSourcesBuildPhase;
			buildActionMask = 2147483647;
			files = (
				B96E3A311BE5CF44007EA8FD /* ImagePreviewFlowLayout.swift in Sources */,
				B9CE8EBE1BE58E07003F588E /* SpringTextView.swift in Sources */,
				B9CE8EAD1BE58E07003F588E /* DesignableTabBarController.swift in Sources */,
				B9CE8EA71BE58E07003F588E /* AsyncImageView.swift in Sources */,
				B96E3A1F1BE5AD44007EA8FD /* PostViewController.swift in Sources */,
				B9143F381BE574A3002B96C2 /* ActionButtonItem.swift in Sources */,
				B9CE8EAF1BE58E07003F588E /* DesignableTextView.swift in Sources */,
				B96E3A2F1BE5CF44007EA8FD /* ImagePickerCollectionView.swift in Sources */,
				B98B1B341BE6579A00A16335 /* CommentViewController.swift in Sources */,
				B98B1B3C1BE696EB00A16335 /* LeaveCommentTableViewCell.swift in Sources */,
				B9CE8EA91BE58E07003F588E /* BlurView.swift in Sources */,
				B9CE8EB61BE58E07003F588E /* Misc.swift in Sources */,
				B96E3A321BE5CF44007EA8FD /* ImagePreviewTableViewCell.swift in Sources */,
				B9CE8EB81BE58E07003F588E /* Spring.swift in Sources */,
				B9CE8EB31BE58E07003F588E /* KeyboardLayoutConstraint.swift in Sources */,
				B9CE8EBA1BE58E07003F588E /* SpringButton.swift in Sources */,
				B9CE8EBF1BE58E07003F588E /* SpringView.swift in Sources */,
				B9143F2C1BE56D78002B96C2 /* DeviseSize.swift in Sources */,
				B9CE8EA61BE58E07003F588E /* AsyncButton.swift in Sources */,
				B9143F231BE5634E002B96C2 /* HomeTableViewCell.swift in Sources */,
				B9CE8EAE1BE58E07003F588E /* DesignableTextField.swift in Sources */,
				B9418A751BE55D08004050F5 /* HomeViewController.swift in Sources */,
				B9143F2D1BE56D78002B96C2 /* Post.swift in Sources */,
				B9418A731BE55D08004050F5 /* AppDelegate.swift in Sources */,
				B9CE8EAB1BE58E07003F588E /* DesignableImageView.swift in Sources */,
				B9CE8E851BE58D33003F588E /* NSDateExtension.swift in Sources */,
				B9CE8EB01BE58E07003F588E /* DesignableView.swift in Sources */,
				B9CE8EC11BE58E07003F588E /* TransitionZoom.swift in Sources */,
				B9CE8EB11BE58E07003F588E /* ImageLoader.swift in Sources */,
				B96E3A2E1BE5CF44007EA8FD /* ImageCollectionViewCell.swift in Sources */,
				B96E3A301BE5CF44007EA8FD /* ImagePickerSheetController.swift in Sources */,
				B96E3A2C1BE5CF44007EA8FD /* AnimationController.swift in Sources */,
				B9143F2B1BE56D78002B96C2 /* Comment.swift in Sources */,
				B98B1B371BE659F400A16335 /* CommentTableViewCell.swift in Sources */,
				B9CE8EB91BE58E07003F588E /* SpringAnimation.swift in Sources */,
				B9CE8EC01BE58E07003F588E /* TransitionManager.swift in Sources */,
				B9CE8EC21BE58E07003F588E /* UnwindSegue.swift in Sources */,
				B9CE8EB41BE58E07003F588E /* LoadingView.swift in Sources */,
				B9CE8EBB1BE58E07003F588E /* SpringImageView.swift in Sources */,
				B9CE8EAA1BE58E07003F588E /* DesignableButton.swift in Sources */,
				B9CE8EA81BE58E07003F588E /* AutoTextView.swift in Sources */,
				B9CE8EB71BE58E07003F588E /* SoundPlayer.swift in Sources */,
				B9CE8E861BE58D33003F588E /* UIColorExtension.swift in Sources */,
				B96E3A351BE5CF44007EA8FD /* PreviewSupplementaryView.swift in Sources */,
				B9143F2E1BE56D78002B96C2 /* User.swift in Sources */,
				B9CE8EAC1BE58E07003F588E /* DesignableLabel.swift in Sources */,
				B96E3A2D1BE5CF44007EA8FD /* ImageAction.swift in Sources */,
				B9CE8EBD1BE58E07003F588E /* SpringTextField.swift in Sources */,
				B9143F371BE574A3002B96C2 /* ActionButton.swift in Sources */,
				B9CE8EBC1BE58E07003F588E /* SpringLabel.swift in Sources */,
			);
			runOnlyForDeploymentPostprocessing = 0;
		};
		B9418A7F1BE55D08004050F5 /* Sources */ = {
			isa = PBXSourcesBuildPhase;
			buildActionMask = 2147483647;
			files = (
				B9418A881BE55D08004050F5 /* GRACETests.swift in Sources */,
			);
			runOnlyForDeploymentPostprocessing = 0;
		};
		B9418A8A1BE55D08004050F5 /* Sources */ = {
			isa = PBXSourcesBuildPhase;
			buildActionMask = 2147483647;
			files = (
				B9418A931BE55D08004050F5 /* GRACEUITests.swift in Sources */,
			);
			runOnlyForDeploymentPostprocessing = 0;
		};
/* End PBXSourcesBuildPhase section */

/* Begin PBXTargetDependency section */
		B9418A851BE55D08004050F5 /* PBXTargetDependency */ = {
			isa = PBXTargetDependency;
			target = B9418A6E1BE55D08004050F5 /* GRACE */;
			targetProxy = B9418A841BE55D08004050F5 /* PBXContainerItemProxy */;
		};
		B9418A901BE55D08004050F5 /* PBXTargetDependency */ = {
			isa = PBXTargetDependency;
			target = B9418A6E1BE55D08004050F5 /* GRACE */;
			targetProxy = B9418A8F1BE55D08004050F5 /* PBXContainerItemProxy */;
		};
/* End PBXTargetDependency section */

/* Begin PBXVariantGroup section */
		B9418A761BE55D08004050F5 /* Main.storyboard */ = {
			isa = PBXVariantGroup;
			children = (
				B9418A771BE55D08004050F5 /* Base */,
			);
			name = Main.storyboard;
			sourceTree = "<group>";
		};
		B9418A7B1BE55D08004050F5 /* LaunchScreen.storyboard */ = {
			isa = PBXVariantGroup;
			children = (
				B9418A7C1BE55D08004050F5 /* Base */,
			);
			name = LaunchScreen.storyboard;
			sourceTree = "<group>";
		};
/* End PBXVariantGroup section */

/* Begin XCBuildConfiguration section */
		B9418A951BE55D08004050F5 /* Debug */ = {
			isa = XCBuildConfiguration;
			buildSettings = {
				ALWAYS_SEARCH_USER_PATHS = NO;
				CLANG_CXX_LANGUAGE_STANDARD = "gnu++0x";
				CLANG_CXX_LIBRARY = "libc++";
				CLANG_ENABLE_MODULES = YES;
				CLANG_ENABLE_OBJC_ARC = YES;
				CLANG_WARN_BOOL_CONVERSION = YES;
				CLANG_WARN_CONSTANT_CONVERSION = YES;
				CLANG_WARN_DIRECT_OBJC_ISA_USAGE = YES_ERROR;
				CLANG_WARN_EMPTY_BODY = YES;
				CLANG_WARN_ENUM_CONVERSION = YES;
				CLANG_WARN_INT_CONVERSION = YES;
				CLANG_WARN_OBJC_ROOT_CLASS = YES_ERROR;
				CLANG_WARN_UNREACHABLE_CODE = YES;
				CLANG_WARN__DUPLICATE_METHOD_MATCH = YES;
				"CODE_SIGN_IDENTITY[sdk=iphoneos*]" = "iPhone Developer";
				COPY_PHASE_STRIP = NO;
				DEBUG_INFORMATION_FORMAT = dwarf;
				ENABLE_STRICT_OBJC_MSGSEND = YES;
				ENABLE_TESTABILITY = YES;
				GCC_C_LANGUAGE_STANDARD = gnu99;
				GCC_DYNAMIC_NO_PIC = NO;
				GCC_NO_COMMON_BLOCKS = YES;
				GCC_OPTIMIZATION_LEVEL = 0;
				GCC_PREPROCESSOR_DEFINITIONS = (
					"DEBUG=1",
					"$(inherited)",
				);
				GCC_WARN_64_TO_32_BIT_CONVERSION = YES;
				GCC_WARN_ABOUT_RETURN_TYPE = YES_ERROR;
				GCC_WARN_UNDECLARED_SELECTOR = YES;
				GCC_WARN_UNINITIALIZED_AUTOS = YES_AGGRESSIVE;
				GCC_WARN_UNUSED_FUNCTION = YES;
				GCC_WARN_UNUSED_VARIABLE = YES;
				IPHONEOS_DEPLOYMENT_TARGET = 9.1;
				MTL_ENABLE_DEBUG_INFO = YES;
				ONLY_ACTIVE_ARCH = YES;
				SDKROOT = iphoneos;
				SWIFT_OPTIMIZATION_LEVEL = "-Onone";
				TARGETED_DEVICE_FAMILY = "1,2";
			};
			name = Debug;
		};
		B9418A961BE55D08004050F5 /* Release */ = {
			isa = XCBuildConfiguration;
			buildSettings = {
				ALWAYS_SEARCH_USER_PATHS = NO;
				CLANG_CXX_LANGUAGE_STANDARD = "gnu++0x";
				CLANG_CXX_LIBRARY = "libc++";
				CLANG_ENABLE_MODULES = YES;
				CLANG_ENABLE_OBJC_ARC = YES;
				CLANG_WARN_BOOL_CONVERSION = YES;
				CLANG_WARN_CONSTANT_CONVERSION = YES;
				CLANG_WARN_DIRECT_OBJC_ISA_USAGE = YES_ERROR;
				CLANG_WARN_EMPTY_BODY = YES;
				CLANG_WARN_ENUM_CONVERSION = YES;
				CLANG_WARN_INT_CONVERSION = YES;
				CLANG_WARN_OBJC_ROOT_CLASS = YES_ERROR;
				CLANG_WARN_UNREACHABLE_CODE = YES;
				CLANG_WARN__DUPLICATE_METHOD_MATCH = YES;
				"CODE_SIGN_IDENTITY[sdk=iphoneos*]" = "iPhone Developer";
				COPY_PHASE_STRIP = NO;
				DEBUG_INFORMATION_FORMAT = "dwarf-with-dsym";
				ENABLE_NS_ASSERTIONS = NO;
				ENABLE_STRICT_OBJC_MSGSEND = YES;
				GCC_C_LANGUAGE_STANDARD = gnu99;
				GCC_NO_COMMON_BLOCKS = YES;
				GCC_WARN_64_TO_32_BIT_CONVERSION = YES;
				GCC_WARN_ABOUT_RETURN_TYPE = YES_ERROR;
				GCC_WARN_UNDECLARED_SELECTOR = YES;
				GCC_WARN_UNINITIALIZED_AUTOS = YES_AGGRESSIVE;
				GCC_WARN_UNUSED_FUNCTION = YES;
				GCC_WARN_UNUSED_VARIABLE = YES;
				IPHONEOS_DEPLOYMENT_TARGET = 9.1;
				MTL_ENABLE_DEBUG_INFO = NO;
				SDKROOT = iphoneos;
				TARGETED_DEVICE_FAMILY = "1,2";
				VALIDATE_PRODUCT = YES;
			};
			name = Release;
		};
		B9418A981BE55D08004050F5 /* Debug */ = {
			isa = XCBuildConfiguration;
			buildSettings = {
				ASSETCATALOG_COMPILER_APPICON_NAME = AppIcon;
				CODE_SIGN_IDENTITY = "iPhone Developer";
				INFOPLIST_FILE = GRACE/Info.plist;
				IPHONEOS_DEPLOYMENT_TARGET = 8.0;
				LD_RUNPATH_SEARCH_PATHS = "$(inherited) @executable_path/Frameworks";
				PRODUCT_BUNDLE_IDENTIFIER = yn.GRACE;
				PRODUCT_NAME = "$(TARGET_NAME)";
			};
			name = Debug;
		};
		B9418A991BE55D08004050F5 /* Release */ = {
			isa = XCBuildConfiguration;
			buildSettings = {
				ASSETCATALOG_COMPILER_APPICON_NAME = AppIcon;
				CODE_SIGN_IDENTITY = "iPhone Developer";
				INFOPLIST_FILE = GRACE/Info.plist;
				IPHONEOS_DEPLOYMENT_TARGET = 8.0;
				LD_RUNPATH_SEARCH_PATHS = "$(inherited) @executable_path/Frameworks";
				PRODUCT_BUNDLE_IDENTIFIER = yn.GRACE;
				PRODUCT_NAME = "$(TARGET_NAME)";
			};
			name = Release;
		};
		B9418A9B1BE55D08004050F5 /* Debug */ = {
			isa = XCBuildConfiguration;
			buildSettings = {
				BUNDLE_LOADER = "$(TEST_HOST)";
				INFOPLIST_FILE = GRACETests/Info.plist;
				LD_RUNPATH_SEARCH_PATHS = "$(inherited) @executable_path/Frameworks @loader_path/Frameworks";
				PRODUCT_BUNDLE_IDENTIFIER = yn.GRACETests;
				PRODUCT_NAME = "$(TARGET_NAME)";
				TEST_HOST = "$(BUILT_PRODUCTS_DIR)/GRACE.app/GRACE";
			};
			name = Debug;
		};
		B9418A9C1BE55D08004050F5 /* Release */ = {
			isa = XCBuildConfiguration;
			buildSettings = {
				BUNDLE_LOADER = "$(TEST_HOST)";
				INFOPLIST_FILE = GRACETests/Info.plist;
				LD_RUNPATH_SEARCH_PATHS = "$(inherited) @executable_path/Frameworks @loader_path/Frameworks";
				PRODUCT_BUNDLE_IDENTIFIER = yn.GRACETests;
				PRODUCT_NAME = "$(TARGET_NAME)";
				TEST_HOST = "$(BUILT_PRODUCTS_DIR)/GRACE.app/GRACE";
			};
			name = Release;
		};
		B9418A9E1BE55D08004050F5 /* Debug */ = {
			isa = XCBuildConfiguration;
			buildSettings = {
				INFOPLIST_FILE = GRACEUITests/Info.plist;
				LD_RUNPATH_SEARCH_PATHS = "$(inherited) @executable_path/Frameworks @loader_path/Frameworks";
				PRODUCT_BUNDLE_IDENTIFIER = yn.GRACEUITests;
				PRODUCT_NAME = "$(TARGET_NAME)";
				TEST_TARGET_NAME = GRACE;
				USES_XCTRUNNER = YES;
			};
			name = Debug;
		};
		B9418A9F1BE55D08004050F5 /* Release */ = {
			isa = XCBuildConfiguration;
			buildSettings = {
				INFOPLIST_FILE = GRACEUITests/Info.plist;
				LD_RUNPATH_SEARCH_PATHS = "$(inherited) @executable_path/Frameworks @loader_path/Frameworks";
				PRODUCT_BUNDLE_IDENTIFIER = yn.GRACEUITests;
				PRODUCT_NAME = "$(TARGET_NAME)";
				TEST_TARGET_NAME = GRACE;
				USES_XCTRUNNER = YES;
			};
			name = Release;
		};
/* End XCBuildConfiguration section */

/* Begin XCConfigurationList section */
		B9418A6A1BE55D08004050F5 /* Build configuration list for PBXProject "GRACE" */ = {
			isa = XCConfigurationList;
			buildConfigurations = (
				B9418A951BE55D08004050F5 /* Debug */,
				B9418A961BE55D08004050F5 /* Release */,
			);
			defaultConfigurationIsVisible = 0;
			defaultConfigurationName = Release;
		};
		B9418A971BE55D08004050F5 /* Build configuration list for PBXNativeTarget "GRACE" */ = {
			isa = XCConfigurationList;
			buildConfigurations = (
				B9418A981BE55D08004050F5 /* Debug */,
				B9418A991BE55D08004050F5 /* Release */,
			);
			defaultConfigurationIsVisible = 0;
			defaultConfigurationName = Release;
		};
		B9418A9A1BE55D08004050F5 /* Build configuration list for PBXNativeTarget "GRACETests" */ = {
			isa = XCConfigurationList;
			buildConfigurations = (
				B9418A9B1BE55D08004050F5 /* Debug */,
				B9418A9C1BE55D08004050F5 /* Release */,
			);
			defaultConfigurationIsVisible = 0;
			defaultConfigurationName = Release;
		};
		B9418A9D1BE55D08004050F5 /* Build configuration list for PBXNativeTarget "GRACEUITests" */ = {
			isa = XCConfigurationList;
			buildConfigurations = (
				B9418A9E1BE55D08004050F5 /* Debug */,
				B9418A9F1BE55D08004050F5 /* Release */,
			);
			defaultConfigurationIsVisible = 0;
			defaultConfigurationName = Release;
		};
/* End XCConfigurationList section */
	};
	rootObject = B9418A671BE55D08004050F5 /* Project object */;
}
